
Microsoft Visual Studio Solution File, Format Version 12.00
# Visual Studio Version 17
VisualStudioVersion = 17.2.32526.322
MinimumVisualStudioVersion = 10.0.40219.1
Project("{FAE04EC0-301F-11D3-BF4B-00C04F79EFBC}") = "StudentsGPACalculator", "StudentsGPACalculator\StudentsGPACalculator.csproj", "{A444022B-4439-4B9B-B80D-133EFD997825}"
EndProject
Global
	GlobalSection(SolutionConfigurationPlatforms) = preSolution
		Debug|Any CPU = Debug|Any CPU
		Release|Any CPU = Release|Any CPU
	EndGlobalSection
	GlobalSection(ProjectConfigurationPlatforms) = postSolution
		{A444022B-4439-4B9B-B80D-133EFD997825}.Debug|Any CPU.ActiveCfg = Debug|Any CPU
		{A444022B-4439-4B9B-B80D-133EFD997825}.Debug|Any CPU.Build.0 = Debug|Any CPU
		{A444022B-4439-4B9B-B80D-133EFD997825}.Release|Any CPU.ActiveCfg = Release|Any CPU
		{A444022B-4439-4B9B-B80D-133EFD997825}.Release|Any CPU.Build.0 = Release|Any CPU
	EndGlobalSection
	GlobalSection(SolutionProperties) = preSolution
		HideSolutionNode = FALSE
	EndGlobalSection
	GlobalSection(ExtensibilityGlobals) = postSolution
		SolutionGuid = {74A2EAB2-134D-4727-998D-DCD644AC0F3D}
	EndGlobalSection
EndGlobal
